
Microsoft Visual Studio Solution File, Format Version 12.00
# Visual Studio Version 16
VisualStudioVersion = 16.0.29424.173
MinimumVisualStudioVersion = 10.0.40219.1
Project("{2150E333-8FDC-42A3-9474-1A3956D46DE8}") = "src", "src", "{D20E3378-B861-4726-9C58-A062B663AD81}"
EndProject
Project("{2150E333-8FDC-42A3-9474-1A3956D46DE8}") = "1-Infrastructure", "1-Infrastructure", "{A7F31774-6D94-427F-AFEB-462A8D996695}"
EndProject
Project("{2150E333-8FDC-42A3-9474-1A3956D46DE8}") = "2-Core", "2-Core", "{DA8FE0B4-24DB-4471-BE70-C8B8EFFAC75C}"
EndProject
Project("{2150E333-8FDC-42A3-9474-1A3956D46DE8}") = "3-Application", "3-Application", "{8F40E4C9-1A62-4293-9F1C-2131561F9AC4}"
EndProject
Project("{2150E333-8FDC-42A3-9474-1A3956D46DE8}") = "4-UI", "4-UI", "{D16EF453-DAFE-4FE5-B0EA-45CBE2CA2ECD}"
EndProject
Project("{9A19103F-16F7-4668-BE54-9A1E7A4F7556}") = "Anch.Demo.Common", "src\Anch.Demo.Common\Anch.Demo.Common.csproj", "{35617387-800C-46CC-B21F-C7D5D2A7B8B1}"
EndProject
Project("{9A19103F-16F7-4668-BE54-9A1E7A4F7556}") = "Anch.Demo.Core", "src\Anch.Demo.Core\Anch.Demo.Core.csproj", "{0195CED8-2932-4106-9E91-CCFA6D86E74F}"
EndProject
Project("{9A19103F-16F7-4668-BE54-9A1E7A4F7556}") = "Anch.Demo.EntityFrameworkCore", "src\Anch.Demo.EntityFrameworkCore\Anch.Demo.EntityFrameworkCore.csproj", "{055E63F4-ACC5-4933-923B-175E4386E885}"
EndProject
Project("{9A19103F-16F7-4668-BE54-9A1E7A4F7556}") = "Anch.Demo.IRepositories", "src\Anch.Demo.IRepositories\Anch.Demo.IRepositories.csproj", "{4C851D2A-1173-44F7-8514-FC49BA424C2C}"
EndProject
Project("{9A19103F-16F7-4668-BE54-9A1E7A4F7556}") = "Anch.Demo.Application", "src\Anch.Demo.Application\Anch.Demo.Application.csproj", "{E813AF3F-62EC-488B-A9A0-30E75FEDDA3B}"
EndProject
Project("{9A19103F-16F7-4668-BE54-9A1E7A4F7556}") = "Anch.Demo.Web", "src\Anch.Demo.Web\Anch.Demo.Web.csproj", "{B7B10302-C0C2-4D75-9DCE-B9DB2B4142F6}"
EndProject
Project("{9A19103F-16F7-4668-BE54-9A1E7A4F7556}") = "Anch.Demo.EntityFrameworkCore.DbMigrations", "src\Anch.Demo.EntityFrameworkCore.DbMigrations\Anch.Demo.EntityFrameworkCore.DbMigrations.csproj", "{091F2E3E-57F9-4877-8F5C-ED481A9A7CF8}"
EndProject
Global
	GlobalSection(SolutionConfigurationPlatforms) = preSolution
		Debug|Any CPU = Debug|Any CPU
		Release|Any CPU = Release|Any CPU
	EndGlobalSection
	GlobalSection(ProjectConfigurationPlatforms) = postSolution
		{35617387-800C-46CC-B21F-C7D5D2A7B8B1}.Debug|Any CPU.ActiveCfg = Debug|Any CPU
		{35617387-800C-46CC-B21F-C7D5D2A7B8B1}.Debug|Any CPU.Build.0 = Debug|Any CPU
		{35617387-800C-46CC-B21F-C7D5D2A7B8B1}.Release|Any CPU.ActiveCfg = Release|Any CPU
		{35617387-800C-46CC-B21F-C7D5D2A7B8B1}.Release|Any CPU.Build.0 = Release|Any CPU
		{0195CED8-2932-4106-9E91-CCFA6D86E74F}.Debug|Any CPU.ActiveCfg = Debug|Any CPU
		{0195CED8-2932-4106-9E91-CCFA6D86E74F}.Debug|Any CPU.Build.0 = Debug|Any CPU
		{0195CED8-2932-4106-9E91-CCFA6D86E74F}.Release|Any CPU.ActiveCfg = Release|Any CPU
		{0195CED8-2932-4106-9E91-CCFA6D86E74F}.Release|Any CPU.Build.0 = Release|Any CPU
		{055E63F4-ACC5-4933-923B-175E4386E885}.Debug|Any CPU.ActiveCfg = Debug|Any CPU
		{055E63F4-ACC5-4933-923B-175E4386E885}.Debug|Any CPU.Build.0 = Debug|Any CPU
		{055E63F4-ACC5-4933-923B-175E4386E885}.Release|Any CPU.ActiveCfg = Release|Any CPU
		{055E63F4-ACC5-4933-923B-175E4386E885}.Release|Any CPU.Build.0 = Release|Any CPU
		{4C851D2A-1173-44F7-8514-FC49BA424C2C}.Debug|Any CPU.ActiveCfg = Debug|Any CPU
		{4C851D2A-1173-44F7-8514-FC49BA424C2C}.Debug|Any CPU.Build.0 = Debug|Any CPU
		{4C851D2A-1173-44F7-8514-FC49BA424C2C}.Release|Any CPU.ActiveCfg = Release|Any CPU
		{4C851D2A-1173-44F7-8514-FC49BA424C2C}.Release|Any CPU.Build.0 = Release|Any CPU
		{E813AF3F-62EC-488B-A9A0-30E75FEDDA3B}.Debug|Any CPU.ActiveCfg = Debug|Any CPU
		{E813AF3F-62EC-488B-A9A0-30E75FEDDA3B}.Debug|Any CPU.Build.0 = Debug|Any CPU
		{E813AF3F-62EC-488B-A9A0-30E75FEDDA3B}.Release|Any CPU.ActiveCfg = Release|Any CPU
		{E813AF3F-62EC-488B-A9A0-30E75FEDDA3B}.Release|Any CPU.Build.0 = Release|Any CPU
		{B7B10302-C0C2-4D75-9DCE-B9DB2B4142F6}.Debug|Any CPU.ActiveCfg = Debug|Any CPU
		{B7B10302-C0C2-4D75-9DCE-B9DB2B4142F6}.Debug|Any CPU.Build.0 = Debug|Any CPU
		{B7B10302-C0C2-4D75-9DCE-B9DB2B4142F6}.Release|Any CPU.ActiveCfg = Release|Any CPU
		{B7B10302-C0C2-4D75-9DCE-B9DB2B4142F6}.Release|Any CPU.Build.0 = Release|Any CPU
		{091F2E3E-57F9-4877-8F5C-ED481A9A7CF8}.Debug|Any CPU.ActiveCfg = Debug|Any CPU
		{091F2E3E-57F9-4877-8F5C-ED481A9A7CF8}.Debug|Any CPU.Build.0 = Debug|Any CPU
		{091F2E3E-57F9-4877-8F5C-ED481A9A7CF8}.Release|Any CPU.ActiveCfg = Release|Any CPU
		{091F2E3E-57F9-4877-8F5C-ED481A9A7CF8}.Release|Any CPU.Build.0 = Release|Any CPU
	EndGlobalSection
	GlobalSection(SolutionProperties) = preSolution
		HideSolutionNode = FALSE
	EndGlobalSection
	GlobalSection(NestedProjects) = preSolution
		{A7F31774-6D94-427F-AFEB-462A8D996695} = {D20E3378-B861-4726-9C58-A062B663AD81}
		{DA8FE0B4-24DB-4471-BE70-C8B8EFFAC75C} = {D20E3378-B861-4726-9C58-A062B663AD81}
		{8F40E4C9-1A62-4293-9F1C-2131561F9AC4} = {D20E3378-B861-4726-9C58-A062B663AD81}
		{D16EF453-DAFE-4FE5-B0EA-45CBE2CA2ECD} = {D20E3378-B861-4726-9C58-A062B663AD81}
		{35617387-800C-46CC-B21F-C7D5D2A7B8B1} = {A7F31774-6D94-427F-AFEB-462A8D996695}
		{0195CED8-2932-4106-9E91-CCFA6D86E74F} = {DA8FE0B4-24DB-4471-BE70-C8B8EFFAC75C}
		{055E63F4-ACC5-4933-923B-175E4386E885} = {A7F31774-6D94-427F-AFEB-462A8D996695}
		{4C851D2A-1173-44F7-8514-FC49BA424C2C} = {DA8FE0B4-24DB-4471-BE70-C8B8EFFAC75C}
		{E813AF3F-62EC-488B-A9A0-30E75FEDDA3B} = {8F40E4C9-1A62-4293-9F1C-2131561F9AC4}
		{B7B10302-C0C2-4D75-9DCE-B9DB2B4142F6} = {D16EF453-DAFE-4FE5-B0EA-45CBE2CA2ECD}
		{091F2E3E-57F9-4877-8F5C-ED481A9A7CF8} = {A7F31774-6D94-427F-AFEB-462A8D996695}
	EndGlobalSection
	GlobalSection(ExtensibilityGlobals) = postSolution
		SolutionGuid = {5089DB20-7D3E-4620-8689-ADFED97AAE94}
	EndGlobalSection
EndGlobal
