
Microsoft Visual Studio Solution File, Format Version 12.00
# Visual Studio 15
VisualStudioVersion = 15.0.28307.329
MinimumVisualStudioVersion = 10.0.40219.1
Project("{2150E333-8FDC-42A3-9474-1A3956D46DE8}") = "src", "src", "{D20E3378-B861-4726-9C58-A062B663AD81}"
EndProject
Project("{2150E333-8FDC-42A3-9474-1A3956D46DE8}") = "1-Infrastructure", "1-Infrastructure", "{A7F31774-6D94-427F-AFEB-462A8D996695}"
EndProject
Project("{2150E333-8FDC-42A3-9474-1A3956D46DE8}") = "2-Core", "2-Core", "{DA8FE0B4-24DB-4471-BE70-C8B8EFFAC75C}"
EndProject
Project("{2150E333-8FDC-42A3-9474-1A3956D46DE8}") = "3-Application", "3-Application", "{8F40E4C9-1A62-4293-9F1C-2131561F9AC4}"
EndProject
Project("{2150E333-8FDC-42A3-9474-1A3956D46DE8}") = "4-UI", "4-UI", "{D16EF453-DAFE-4FE5-B0EA-45CBE2CA2ECD}"
EndProject
Project("{9A19103F-16F7-4668-BE54-9A1E7A4F7556}") = "BaiTeng.POS.Core", "src\BaiTeng.POS.Core\BaiTeng.POS.Core.csproj", "{583F6726-813B-40AE-99C7-78933492FB49}"
EndProject
Project("{9A19103F-16F7-4668-BE54-9A1E7A4F7556}") = "BaiTeng.POS.IRepositories", "src\BaiTeng.POS.IRepositories\BaiTeng.POS.IRepositories.csproj", "{35F66DFA-DF39-4226-84FE-EA238EF0CD0C}"
EndProject
Project("{9A19103F-16F7-4668-BE54-9A1E7A4F7556}") = "BaiTeng.POS.Common", "src\BaiTeng.POS.Common\BaiTeng.POS.Common.csproj", "{92A1D289-6101-4962-9AAD-5C5EC1E8660E}"
EndProject
Project("{9A19103F-16F7-4668-BE54-9A1E7A4F7556}") = "BaiTeng.POS.EntityFrameworkCore", "src\BaiTeng.POS.EntityFrameworkCore\BaiTeng.POS.EntityFrameworkCore.csproj", "{02B53D6E-32DF-40EA-97C6-675990888263}"
EndProject
Project("{9A19103F-16F7-4668-BE54-9A1E7A4F7556}") = "BaiTeng.POS.Application", "src\BaiTeng.POS.Application\BaiTeng.POS.Application.csproj", "{87128640-6937-4E0C-9F2C-FBA143545887}"
EndProject
Project("{9A19103F-16F7-4668-BE54-9A1E7A4F7556}") = "BaiTeng.POS.Web", "src\BaiTeng.POS.Web\BaiTeng.POS.Web.csproj", "{F7FB72B9-D73D-48F4-8CA0-1788D218E047}"
EndProject
Global
	GlobalSection(SolutionConfigurationPlatforms) = preSolution
		Debug|Any CPU = Debug|Any CPU
		Release|Any CPU = Release|Any CPU
	EndGlobalSection
	GlobalSection(ProjectConfigurationPlatforms) = postSolution
		{583F6726-813B-40AE-99C7-78933492FB49}.Debug|Any CPU.ActiveCfg = Debug|Any CPU
		{583F6726-813B-40AE-99C7-78933492FB49}.Debug|Any CPU.Build.0 = Debug|Any CPU
		{583F6726-813B-40AE-99C7-78933492FB49}.Release|Any CPU.ActiveCfg = Release|Any CPU
		{583F6726-813B-40AE-99C7-78933492FB49}.Release|Any CPU.Build.0 = Release|Any CPU
		{35F66DFA-DF39-4226-84FE-EA238EF0CD0C}.Debug|Any CPU.ActiveCfg = Debug|Any CPU
		{35F66DFA-DF39-4226-84FE-EA238EF0CD0C}.Debug|Any CPU.Build.0 = Debug|Any CPU
		{35F66DFA-DF39-4226-84FE-EA238EF0CD0C}.Release|Any CPU.ActiveCfg = Release|Any CPU
		{35F66DFA-DF39-4226-84FE-EA238EF0CD0C}.Release|Any CPU.Build.0 = Release|Any CPU
		{92A1D289-6101-4962-9AAD-5C5EC1E8660E}.Debug|Any CPU.ActiveCfg = Debug|Any CPU
		{92A1D289-6101-4962-9AAD-5C5EC1E8660E}.Debug|Any CPU.Build.0 = Debug|Any CPU
		{92A1D289-6101-4962-9AAD-5C5EC1E8660E}.Release|Any CPU.ActiveCfg = Release|Any CPU
		{92A1D289-6101-4962-9AAD-5C5EC1E8660E}.Release|Any CPU.Build.0 = Release|Any CPU
		{02B53D6E-32DF-40EA-97C6-675990888263}.Debug|Any CPU.ActiveCfg = Debug|Any CPU
		{02B53D6E-32DF-40EA-97C6-675990888263}.Debug|Any CPU.Build.0 = Debug|Any CPU
		{02B53D6E-32DF-40EA-97C6-675990888263}.Release|Any CPU.ActiveCfg = Release|Any CPU
		{02B53D6E-32DF-40EA-97C6-675990888263}.Release|Any CPU.Build.0 = Release|Any CPU
		{87128640-6937-4E0C-9F2C-FBA143545887}.Debug|Any CPU.ActiveCfg = Debug|Any CPU
		{87128640-6937-4E0C-9F2C-FBA143545887}.Debug|Any CPU.Build.0 = Debug|Any CPU
		{87128640-6937-4E0C-9F2C-FBA143545887}.Release|Any CPU.ActiveCfg = Release|Any CPU
		{87128640-6937-4E0C-9F2C-FBA143545887}.Release|Any CPU.Build.0 = Release|Any CPU
		{F7FB72B9-D73D-48F4-8CA0-1788D218E047}.Debug|Any CPU.ActiveCfg = Debug|Any CPU
		{F7FB72B9-D73D-48F4-8CA0-1788D218E047}.Debug|Any CPU.Build.0 = Debug|Any CPU
		{F7FB72B9-D73D-48F4-8CA0-1788D218E047}.Release|Any CPU.ActiveCfg = Release|Any CPU
		{F7FB72B9-D73D-48F4-8CA0-1788D218E047}.Release|Any CPU.Build.0 = Release|Any CPU
	EndGlobalSection
	GlobalSection(SolutionProperties) = preSolution
		HideSolutionNode = FALSE
	EndGlobalSection
	GlobalSection(NestedProjects) = preSolution
		{A7F31774-6D94-427F-AFEB-462A8D996695} = {D20E3378-B861-4726-9C58-A062B663AD81}
		{DA8FE0B4-24DB-4471-BE70-C8B8EFFAC75C} = {D20E3378-B861-4726-9C58-A062B663AD81}
		{8F40E4C9-1A62-4293-9F1C-2131561F9AC4} = {D20E3378-B861-4726-9C58-A062B663AD81}
		{D16EF453-DAFE-4FE5-B0EA-45CBE2CA2ECD} = {D20E3378-B861-4726-9C58-A062B663AD81}
		{583F6726-813B-40AE-99C7-78933492FB49} = {DA8FE0B4-24DB-4471-BE70-C8B8EFFAC75C}
		{35F66DFA-DF39-4226-84FE-EA238EF0CD0C} = {DA8FE0B4-24DB-4471-BE70-C8B8EFFAC75C}
		{92A1D289-6101-4962-9AAD-5C5EC1E8660E} = {A7F31774-6D94-427F-AFEB-462A8D996695}
		{02B53D6E-32DF-40EA-97C6-675990888263} = {A7F31774-6D94-427F-AFEB-462A8D996695}
		{87128640-6937-4E0C-9F2C-FBA143545887} = {8F40E4C9-1A62-4293-9F1C-2131561F9AC4}
		{F7FB72B9-D73D-48F4-8CA0-1788D218E047} = {D16EF453-DAFE-4FE5-B0EA-45CBE2CA2ECD}
	EndGlobalSection
	GlobalSection(ExtensibilityGlobals) = postSolution
		SolutionGuid = {5089DB20-7D3E-4620-8689-ADFED97AAE94}
	EndGlobalSection
EndGlobal
